
Microsoft Visual Studio Solution File, Format Version 12.00
# Visual Studio Version 17
VisualStudioVersion = 17.14.36109.1
MinimumVisualStudioVersion = 10.0.40219.1
Project("{FAE04EC0-301F-11D3-BF4B-00C04F79EFBC}") = "eTicaret.Gateway", "eTicaret.Gateway.csproj", "{9345413E-DCAA-4F77-B740-8B7A51D34908}"
EndProject
Global
	GlobalSection(SolutionConfigurationPlatforms) = preSolution
		Debug|Any CPU = Debug|Any CPU
		Release|Any CPU = Release|Any CPU
	EndGlobalSection
	GlobalSection(ProjectConfigurationPlatforms) = postSolution
		{9345413E-DCAA-4F77-B740-8B7A51D34908}.Debug|Any CPU.ActiveCfg = Debug|Any CPU
		{9345413E-DCAA-4F77-B740-8B7A51D34908}.Debug|Any CPU.Build.0 = Debug|Any CPU
		{9345413E-DCAA-4F77-B740-8B7A51D34908}.Release|Any CPU.ActiveCfg = Release|Any CPU
		{9345413E-DCAA-4F77-B740-8B7A51D34908}.Release|Any CPU.Build.0 = Release|Any CPU
	EndGlobalSection
	GlobalSection(SolutionProperties) = preSolution
		HideSolutionNode = FALSE
	EndGlobalSection
	GlobalSection(ExtensibilityGlobals) = postSolution
		SolutionGuid = {C1C88808-8629-4244-8FDF-C02C9B940E6B}
	EndGlobalSection
EndGlobal
